Microsoft Visual Studio Solution File, Format Version 12.00
# Visual Studio Version 17
VisualStudioVersion = 17.5.2.0
MinimumVisualStudioVersion = 10.0.40219.1
Project("{FAE04EC0-301F-11D3-BF4B-00C04F79EFBC}") = "X4LogWatcher", "X4LogWatcher.csproj", "{AB7852E8-FEFF-0BBA-5133-DFEAFDEA1B58}"
EndProject
Global
	GlobalSection(SolutionConfigurationPlatforms) = preSolution
		Debug|Any CPU = Debug|Any CPU
		Release|Any CPU = Release|Any CPU
	EndGlobalSection
	GlobalSection(ProjectConfigurationPlatforms) = postSolution
		{AB7852E8-FEFF-0BBA-5133-DFEAFDEA1B58}.Debug|Any CPU.ActiveCfg = Debug|Any CPU
		{AB7852E8-FEFF-0BBA-5133-DFEAFDEA1B58}.Debug|Any CPU.Build.0 = Debug|Any CPU
		{AB7852E8-FEFF-0BBA-5133-DFEAFDEA1B58}.Release|Any CPU.ActiveCfg = Release|Any CPU
		{AB7852E8-FEFF-0BBA-5133-DFEAFDEA1B58}.Release|Any CPU.Build.0 = Release|Any CPU
	EndGlobalSection
	GlobalSection(SolutionProperties) = preSolution
		HideSolutionNode = FALSE
	EndGlobalSection
	GlobalSection(ExtensibilityGlobals) = postSolution
		SolutionGuid = {9E383EB7-42E9-4057-9048-6B81D3F7DB11}
	EndGlobalSection
EndGlobal
